
Microsoft Visual Studio Solution File, Format Version 12.00
# Visual Studio 15
VisualStudioVersion = 15.0.27004.2005
MinimumVisualStudioVersion = 10.0.40219.1
Project("{FAE04EC0-301F-11D3-BF4B-00C04F79EFBC}") = "FluentWait", "FluentWait\FluentWait.csproj", "{DB61B76A-C30D-4BFC-91EF-A2C794D46DCA}"
EndProject
Project("{FAE04EC0-301F-11D3-BF4B-00C04F79EFBC}") = "FluentWait.Tests.UnitTesting", "FluentWait.Tests.UnitTesting\FluentWait.Tests.UnitTesting.csproj", "{980212D2-7061-48CF-A3BD-E797C25BAE80}"
EndProject
Global
	GlobalSection(SolutionConfigurationPlatforms) = preSolution
		Debug|Any CPU = Debug|Any CPU
		Release|Any CPU = Release|Any CPU
	EndGlobalSection
	GlobalSection(ProjectConfigurationPlatforms) = postSolution
		{DB61B76A-C30D-4BFC-91EF-A2C794D46DCA}.Debug|Any CPU.ActiveCfg = Debug|Any CPU
		{DB61B76A-C30D-4BFC-91EF-A2C794D46DCA}.Debug|Any CPU.Build.0 = Debug|Any CPU
		{DB61B76A-C30D-4BFC-91EF-A2C794D46DCA}.Release|Any CPU.ActiveCfg = Release|Any CPU
		{DB61B76A-C30D-4BFC-91EF-A2C794D46DCA}.Release|Any CPU.Build.0 = Release|Any CPU
		{980212D2-7061-48CF-A3BD-E797C25BAE80}.Debug|Any CPU.ActiveCfg = Debug|Any CPU
		{980212D2-7061-48CF-A3BD-E797C25BAE80}.Debug|Any CPU.Build.0 = Debug|Any CPU
		{980212D2-7061-48CF-A3BD-E797C25BAE80}.Release|Any CPU.ActiveCfg = Release|Any CPU
		{980212D2-7061-48CF-A3BD-E797C25BAE80}.Release|Any CPU.Build.0 = Release|Any CPU
	EndGlobalSection
	GlobalSection(SolutionProperties) = preSolution
		HideSolutionNode = FALSE
	EndGlobalSection
	GlobalSection(ExtensibilityGlobals) = postSolution
		SolutionGuid = {C0E5918F-E304-4895-B1C0-7ACA4AA5A3C5}
	EndGlobalSection
EndGlobal
